
Microsoft Visual Studio Solution File, Format Version 12.00
# Visual Studio Version 17
VisualStudioVersion = 17.9.34723.18
MinimumVisualStudioVersion = 10.0.40219.1
Project("{FAE04EC0-301F-11D3-BF4B-00C04F79EFBC}") = "ConvenioPago", "ConvenioPago\ConvenioPago.csproj", "{D72F2208-3051-4F04-B4B0-50934227D8B0}"
EndProject
Project("{FAE04EC0-301F-11D3-BF4B-00C04F79EFBC}") = "ConvenioPago.Core", "ConvenioPago.Core\ConvenioPago.Core.csproj", "{EC0C12C3-20F2-4F77-9964-8F59B64BA0DC}"
EndProject
Project("{FAE04EC0-301F-11D3-BF4B-00C04F79EFBC}") = "ConvenioPago.Negocio", "ConvenioPago.Servicio\ConvenioPago.Negocio.csproj", "{754C1791-2A45-45A0-9E9C-DC7F6F3A4873}"
EndProject
Global
	GlobalSection(SolutionConfigurationPlatforms) = preSolution
		Debug|Any CPU = Debug|Any CPU
		Release|Any CPU = Release|Any CPU
	EndGlobalSection
	GlobalSection(ProjectConfigurationPlatforms) = postSolution
		{D72F2208-3051-4F04-B4B0-50934227D8B0}.Debug|Any CPU.ActiveCfg = Debug|Any CPU
		{D72F2208-3051-4F04-B4B0-50934227D8B0}.Debug|Any CPU.Build.0 = Debug|Any CPU
		{D72F2208-3051-4F04-B4B0-50934227D8B0}.Release|Any CPU.ActiveCfg = Release|Any CPU
		{D72F2208-3051-4F04-B4B0-50934227D8B0}.Release|Any CPU.Build.0 = Release|Any CPU
		{EC0C12C3-20F2-4F77-9964-8F59B64BA0DC}.Debug|Any CPU.ActiveCfg = Debug|Any CPU
		{EC0C12C3-20F2-4F77-9964-8F59B64BA0DC}.Debug|Any CPU.Build.0 = Debug|Any CPU
		{EC0C12C3-20F2-4F77-9964-8F59B64BA0DC}.Release|Any CPU.ActiveCfg = Release|Any CPU
		{EC0C12C3-20F2-4F77-9964-8F59B64BA0DC}.Release|Any CPU.Build.0 = Release|Any CPU
		{754C1791-2A45-45A0-9E9C-DC7F6F3A4873}.Debug|Any CPU.ActiveCfg = Debug|Any CPU
		{754C1791-2A45-45A0-9E9C-DC7F6F3A4873}.Debug|Any CPU.Build.0 = Debug|Any CPU
		{754C1791-2A45-45A0-9E9C-DC7F6F3A4873}.Release|Any CPU.ActiveCfg = Release|Any CPU
		{754C1791-2A45-45A0-9E9C-DC7F6F3A4873}.Release|Any CPU.Build.0 = Release|Any CPU
	EndGlobalSection
	GlobalSection(SolutionProperties) = preSolution
		HideSolutionNode = FALSE
	EndGlobalSection
	GlobalSection(ExtensibilityGlobals) = postSolution
		SolutionGuid = {F6592A1F-B2D2-4007-BCDF-754BA5E8C8F8}
	EndGlobalSection
EndGlobal
